{
  "name": "createOrder",
  "version": "2.0.0",
  "lockfileVersion": 1,
  "requires": true,
  "dependencies": {
    "uui": {
      "version": "1.0.7",
      "resolved": "https://registry.npmjs.org/uui/-/uui-1.0.7.tgz",
      "integrity": "sha512-k9l6kxVMwk02dy9axYYay5dWVF+3jfBcVpgJUj09WIcp4JSHM3JPdlcpicFTWUYryZGKryxSkS0xhtUSn2xAnw=="
    }
  }
}
